
Microsoft Visual Studio Solution File, Format Version 12.00
# Visual Studio Version 17
VisualStudioVersion = 17.9.34701.34
MinimumVisualStudioVersion = 10.0.40219.1
Project("{FAE04EC0-301F-11D3-BF4B-00C04F79EFBC}") = "OpenAIExample", "OpenAIExample\OpenAIExample.csproj", "{8B45E4B3-86A4-4A3B-B79E-6EF8C894B4B8}"
EndProject
Global
	GlobalSection(SolutionConfigurationPlatforms) = preSolution
		Debug|Any CPU = Debug|Any CPU
		Release|Any CPU = Release|Any CPU
	EndGlobalSection
	GlobalSection(ProjectConfigurationPlatforms) = postSolution
		{8B45E4B3-86A4-4A3B-B79E-6EF8C894B4B8}.Debug|Any CPU.ActiveCfg = Debug|Any CPU
		{8B45E4B3-86A4-4A3B-B79E-6EF8C894B4B8}.Debug|Any CPU.Build.0 = Debug|Any CPU
		{8B45E4B3-86A4-4A3B-B79E-6EF8C894B4B8}.Release|Any CPU.ActiveCfg = Release|Any CPU
		{8B45E4B3-86A4-4A3B-B79E-6EF8C894B4B8}.Release|Any CPU.Build.0 = Release|Any CPU
	EndGlobalSection
	GlobalSection(SolutionProperties) = preSolution
		HideSolutionNode = FALSE
	EndGlobalSection
	GlobalSection(ExtensibilityGlobals) = postSolution
		SolutionGuid = {EEC04213-8E6D-4A61-B2C3-98BCF1440843}
	EndGlobalSection
EndGlobal
